Microsoft Visual Studio Solution File, Format Version 12.00
# Visual Studio Version 17
VisualStudioVersion = 17.5.2.0
MinimumVisualStudioVersion = 10.0.40219.1
Project("{FAE04EC0-301F-11D3-BF4B-00C04F79EFBC}") = "FMLab.RinhaDeBackend.DeteccaoDeFraude", "FMLab.RinhaDeBackend.DeteccaoDeFraude.csproj", "{4EE76C6A-602C-5EA6-C8F7-17F2D333686B}"
EndProject
Global
	GlobalSection(SolutionConfigurationPlatforms) = preSolution
		Debug|Any CPU = Debug|Any CPU
		Release|Any CPU = Release|Any CPU
	EndGlobalSection
	GlobalSection(ProjectConfigurationPlatforms) = postSolution
		{4EE76C6A-602C-5EA6-C8F7-17F2D333686B}.Debug|Any CPU.ActiveCfg = Debug|Any CPU
		{4EE76C6A-602C-5EA6-C8F7-17F2D333686B}.Debug|Any CPU.Build.0 = Debug|Any CPU
		{4EE76C6A-602C-5EA6-C8F7-17F2D333686B}.Release|Any CPU.ActiveCfg = Release|Any CPU
		{4EE76C6A-602C-5EA6-C8F7-17F2D333686B}.Release|Any CPU.Build.0 = Release|Any CPU
	EndGlobalSection
	GlobalSection(SolutionProperties) = preSolution
		HideSolutionNode = FALSE
	EndGlobalSection
	GlobalSection(ExtensibilityGlobals) = postSolution
		SolutionGuid = {BDB46E40-86F9-48FD-9063-DBDF718F3ECC}
	EndGlobalSection
EndGlobal
